lockfileVersion: '6.0'

settings:
  autoInstallPeers: true
  excludeLinksFromLockfile: false

dependencies:
  antlr4ts:
    specifier: 0.5.0-alpha.4
    version: 0.5.0-alpha.4

devDependencies:
  antlr4ts-cli:
    specifier: 0.5.0-alpha.4
    version: 0.5.0-alpha.4

packages:

  /antlr4ts-cli@0.5.0-alpha.4:
    resolution: {integrity: sha512-lVPVBTA2CVHRYILSKilL6Jd4hAumhSZZWA7UbQNQrmaSSj7dPmmYaN4bOmZG79cOy0lS00i4LY68JZZjZMWVrw==}
    hasBin: true
    dev: true

  /antlr4ts@0.5.0-alpha.4:
    resolution: {integrity: sha512-WPQDt1B74OfPv/IMS2ekXAKkTZIHl88uMetg6q3OTqgFxZ/dxDXI0EWLyZid/1Pe6hTftyg5N7gel5wNAGxXyQ==}
    dev: false
